{
  "name": "setsail",
  "lockfileVersion": 2,
  "requires": true,
  "packages": {
    "": {
      "dependencies": {
        "countup.js": "^2.4.2",
        "jquery": "^3.6.3"
      }
    },
    "node_modules/countup.js": {
      "version": "2.4.2",
      "resolved": "https://registry.npmjs.org/countup.js/-/countup.js-2.4.2.tgz",
      "integrity": "sha512-EExCcu5rd7ffBj65B3CVNuS1HddN1Y4WuTfJEuocJXwZlNnlXZQ4sD9M/Cq32ZS0zR38F9vGMCw/iFcVImrNbw=="
    },
    "node_modules/jquery": {
      "version": "3.6.3",
      "resolved": "https://registry.npmjs.org/jquery/-/jquery-3.6.3.tgz",
      "integrity": "sha512-bZ5Sy3YzKo9Fyc8wH2iIQK4JImJ6R0GWI9kL1/k7Z91ZBNgkRXE6U0JfHIizZbort8ZunhSI3jw9I6253ahKfg=="
    }
  },
  "dependencies": {
    "countup.js": {
      "version": "2.4.2",
      "resolved": "https://registry.npmjs.org/countup.js/-/countup.js-2.4.2.tgz",
      "integrity": "sha512-EExCcu5rd7ffBj65B3CVNuS1HddN1Y4WuTfJEuocJXwZlNnlXZQ4sD9M/Cq32ZS0zR38F9vGMCw/iFcVImrNbw=="
    },
    "jquery": {
      "version": "3.6.3",
      "resolved": "https://registry.npmjs.org/jquery/-/jquery-3.6.3.tgz",
      "integrity": "sha512-bZ5Sy3YzKo9Fyc8wH2iIQK4JImJ6R0GWI9kL1/k7Z91ZBNgkRXE6U0JfHIizZbort8ZunhSI3jw9I6253ahKfg=="
    }
  }
}
